<?xml version="1.0" encoding="utf-8"?>
<Project ToolsVersion="4.0" xmlns="http://schemas.microsoft.com/developer/msbuild/2003">
  <ItemGroup>
    <Filter Include="Source Files">
      <UniqueIdentifier>{4FC737F1-C7A5-4376-A066-2A32D752A2FF}</UniqueIdentifier>
      <Extensions>cpp;c;cc;cxx;def;odl;idl;hpj;bat;asm;asmx</Extensions>
    </Filter>
    <Filter Include="Header Files">
      <UniqueIdentifier>{93995380-89BD-4b04-88EB-625FBE52EBFB}</UniqueIdentifier>
      <Extensions>h;hh;hpp;hxx;hm;inl;inc;xsd</Extensions>
    </Filter>
    <Filter Include="Resource Files">
      <UniqueIdentifier>{67DA6AB6-F800-4c08-8B7A-83BB121AAD01}</UniqueIdentifier>
      <Extensions>rc;ico;cur;bmp;dlg;rc2;rct;bin;rgs;gif;jpg;jpeg;jpe;resx;tiff;tif;png;wav;mfcribbon-ms</Extensions>
    </Filter>
    <Filter Include="Header Files\Math">
      <UniqueIdentifier>{e0a934a5-8885-46d4-8d45-4ebcb7b2b6f5}</UniqueIdentifier>
    </Filter>
    <Filter Include="Source Files\Math">
      <UniqueIdentifier>{dc4e62ce-31cc-451a-bf13-976ae2504386}</UniqueIdentifier>
    </Filter>
    <Filter Include="Source Files\Components">
      <UniqueIdentifier>{17e239ad-861a-4066-a153-4e96b8cebce0}</UniqueIdentifier>
    </Filter>
    <Filter Include="Header Files\Components">
      <UniqueIdentifier>{7b3ada47-a222-495b-99fa-bde3768a3297}</UniqueIdentifier>
    </Filter>
    <Filter Include="Header Files\Utilities">
      <UniqueIdentifier>{e96eb4c6-41cb-42c5-8849-58639bbf6a64}</UniqueIdentifier>
    </Filter>
    <Filter Include="Source Files\Utilities">
      <UniqueIdentifier>{8b885b7f-360e-4c98-bae4-7e35b68cd948}</UniqueIdentifier>
    </Filter>
    <Filter Include="Header Files\Rendering">
      <UniqueIdentifier>{0310e78e-cf05-4048-932f-de87d9aa728d}</UniqueIdentifier>
    </Filter>
    <Filter Include="Source Files\Rendering">
      <UniqueIdentifier>{fa6ca7da-7e7e-451d-8dee-2f8416857588}</UniqueIdentifier>
    </Filter>
    <Filter Include="Header Files\Animation">
      <UniqueIdentifier>{76027573-33d6-4ff5-8438-9bacbad01e3d}</UniqueIdentifier>
    </Filter>
    <Filter Include="Header Files\Collision">
      <UniqueIdentifier>{0bffc074-571a-44f4-a1f2-3b3a247d91cb}</UniqueIdentifier>
    </Filter>
    <Filter Include="Source Files\Animation">
      <UniqueIdentifier>{db7b6230-0e8a-4f4e-81c9-2ad4c848f867}</UniqueIdentifier>
    </Filter>
    <Filter Include="Header Files\Scenes">
      <UniqueIdentifier>{4d61e2ea-1a83-47a0-b6e6-df95dd36367b}</UniqueIdentifier>
    </Filter>
    <Filter Include="Header Files\Resources">
      <UniqueIdentifier>{9450c306-f550-44e8-9406-6269498151f9}</UniqueIdentifier>
    </Filter>
    <Filter Include="Resource Files\Shaders">
      <UniqueIdentifier>{b116620e-661b-42bd-9b29-9f1e50d6a671}</UniqueIdentifier>
    </Filter>
    <Filter Include="Header Files\Rendering\SoftwareRenderer">
      <UniqueIdentifier>{4f24a5a3-1384-4ad2-bac0-a49453c2c2bb}</UniqueIdentifier>
    </Filter>
  </ItemGroup>
  <ItemGroup>
    <ClInclude Include="GameObject.h">
      <Filter>Header Files</Filter>
    </ClInclude>
    <ClInclude Include="Component.h">
      <Filter>Header Files\Components</Filter>
    </ClInclude>
    <ClInclude Include="Matrix2.h">
      <Filter>Header Files\Math</Filter>
    </ClInclude>
    <ClInclude Include="Rectangle.h">
      <Filter>Header Files\Math</Filter>
    </ClInclude>
    <ClInclude Include="Polygon.h">
      <Filter>Header Files\Math</Filter>
    </ClInclude>
    <ClInclude Include="ShapeUtilities.h">
      <Filter>Header Files\Utilities</Filter>
    </ClInclude>
    <ClInclude Include="Line.h">
      <Filter>Header Files\Math</Filter>
    </ClInclude>
    <ClInclude Include="MathF.h">
      <Filter>Header Files\Math</Filter>
    </ClInclude>
    <ClInclude Include="QuadTree.h">
      <Filter>Header Files\Utilities</Filter>
    </ClInclude>
    <ClInclude Include="Types.h">
      <Filter>Header Files\Utilities</Filter>
    </ClInclude>
    <ClInclude Include="Color.h">
      <Filter>Header Files\Utilities</Filter>
    </ClInclude>
    <ClInclude Include="Console.h">
      <Filter>Header Files\Utilities</Filter>
    </ClInclude>
    <ClInclude Include="Logging.h">
      <Filter>Header Files\Utilities</Filter>
    </ClInclude>
    <ClInclude Include="Ray.h">
      <Filter>Header Files\Math</Filter>
    </ClInclude>
    <ClInclude Include="LineSegment.h">
      <Filter>Header Files\Math</Filter>
    </ClInclude>
    <ClInclude Include="Vector2d.h">
      <Filter>Header Files\Math</Filter>
    </ClInclude>
    <ClInclude Include="Point2d.h">
      <Filter>Header Files\Math</Filter>
    </ClInclude>
    <ClInclude Include="Scene.h">
      <Filter>Header Files</Filter>
    </ClInclude>
    <ClInclude Include="Tracer.h">
      <Filter>Header Files\Utilities</Filter>
    </ClInclude>
    <ClInclude Include="Layer.h">
      <Filter>Header Files</Filter>
    </ClInclude>
    <ClInclude Include="Circle.h">
      <Filter>Header Files\Math</Filter>
    </ClInclude>
    <ClInclude Include="Collider.h">
      <Filter>Header Files\Collision</Filter>
    </ClInclude>
    <ClInclude Include="SpriteSheetAnimator.h">
      <Filter>Header Files\Animation</Filter>
    </ClInclude>
    <ClInclude Include="SpriteSheetAnimation.h">
      <Filter>Header Files\Animation</Filter>
    </ClInclude>
    <ClInclude Include="Animator.h">
      <Filter>Header Files\Animation</Filter>
    </ClInclude>
    <ClInclude Include="Animation.h">
      <Filter>Header Files\Animation</Filter>
    </ClInclude>
    <ClInclude Include="ResourceBank.h">
      <Filter>Header Files\Resources</Filter>
    </ClInclude>
    <ClInclude Include="Texture.h">
      <Filter>Header Files\Resources</Filter>
    </ClInclude>
    <ClInclude Include="Exception.h">
      <Filter>Header Files\Utilities</Filter>
    </ClInclude>
    <ClInclude Include="Map.h">
      <Filter>Header Files\Utilities</Filter>
    </ClInclude>
    <ClInclude Include="D3D11Renderer.h">
      <Filter>Header Files\Rendering</Filter>
    </ClInclude>
    <ClInclude Include="SpriteBatch.h">
      <Filter>Header Files\Rendering</Filter>
    </ClInclude>
    <ClInclude Include="Results.h">
      <Filter>Header Files\Utilities</Filter>
    </ClInclude>
    <ClInclude Include="D3D11VertexTypes.h">
      <Filter>Header Files\Rendering</Filter>
    </ClInclude>
    <ClInclude Include="IRenderer.h">
      <Filter>Header Files\Rendering</Filter>
    </ClInclude>
    <ClInclude Include="Point3d.h">
      <Filter>Header Files\Math</Filter>
    </ClInclude>
    <ClInclude Include="Renderer.h">
      <Filter>Header Files\Rendering</Filter>
    </ClInclude>
    <ClInclude Include="DisplayDesc.h">
      <Filter>Header Files\Rendering</Filter>
    </ClInclude>
    <ClInclude Include="ID3D11Effect.h">
      <Filter>Header Files\Rendering</Filter>
    </ClInclude>
    <ClInclude Include="D3D11GeometryEffect.h">
      <Filter>Header Files\Rendering</Filter>
    </ClInclude>
    <ClInclude Include="Matrix4x4.h">
      <Filter>Header Files\Math</Filter>
    </ClInclude>
    <ClInclude Include="Camera.h">
      <Filter>Header Files\Utilities</Filter>
    </ClInclude>
    <ClInclude Include="Vector4.h">
      <Filter>Header Files\Math</Filter>
    </ClInclude>
    <ClInclude Include="Console.hpp">
      <Filter>Header Files\Utilities</Filter>
    </ClInclude>
  </ItemGroup>
  <ItemGroup>
    <ClCompile Include="Vector2.cpp">
      <Filter>Source Files\Math</Filter>
    </ClCompile>
    <ClCompile Include="Circle.cpp">
      <Filter>Source Files\Math</Filter>
    </ClCompile>
    <ClCompile Include="Matrix2.cpp">
      <Filter>Source Files\Math</Filter>
    </ClCompile>
    <ClCompile Include="GameObject.cpp">
      <Filter>Source Files</Filter>
    </ClCompile>
    <ClCompile Include="QuadTree.cpp">
      <Filter>Source Files\Utilities</Filter>
    </ClCompile>
    <ClCompile Include="Color.cpp">
      <Filter>Source Files\Utilities</Filter>
    </ClCompile>
    <ClCompile Include="Console.cpp">
      <Filter>Source Files\Utilities</Filter>
    </ClCompile>
    <ClCompile Include="Point2d.cpp">
      <Filter>Source Files\Math</Filter>
    </ClCompile>
    <ClCompile Include="SpriteSheetAnimator.cpp">
      <Filter>Source Files\Animation</Filter>
    </ClCompile>
    <ClCompile Include="Rectangle.cpp">
      <Filter>Source Files\Math</Filter>
    </ClCompile>
    <ClCompile Include="D3D11Renderer.cpp">
      <Filter>Source Files\Rendering</Filter>
    </ClCompile>
    <ClCompile Include="SpriteBatch.cpp">
      <Filter>Source Files\Rendering</Filter>
    </ClCompile>
    <ClCompile Include="D3D11VertexTypes.cpp">
      <Filter>Source Files\Rendering</Filter>
    </ClCompile>
    <ClCompile Include="D3D11GeometryEffect.cpp">
      <Filter>Source Files\Rendering</Filter>
    </ClCompile>
    <ClCompile Include="Camera.cpp">
      <Filter>Source Files\Utilities</Filter>
    </ClCompile>
    <ClCompile Include="Matrix4x4.cpp">
      <Filter>Source Files\Math</Filter>
    </ClCompile>
  </ItemGroup>
  <ItemGroup>
    <None Include="Resources\Shaders\Basic.hlsl">
      <Filter>Resource Files\Shaders</Filter>
    </None>
    <None Include="Resources\Shaders\CompileShaders.cmd">
      <Filter>Resource Files\Shaders</Filter>
    </None>
  </ItemGroup>
</Project>